Microsoft Visual Studio Solution File, Format Version 12.00
# Visual Studio Version 17
VisualStudioVersion = 17.5.2.0
MinimumVisualStudioVersion = 10.0.40219.1
Project("{FAE04EC0-301F-11D3-BF4B-00C04F79EFBC}") = "MyMreApp", "MyMreApp.csproj", "{4B9E721C-BD68-8CEA-88FC-89BA6AD11CF1}"
EndProject
Global
	GlobalSection(SolutionConfigurationPlatforms) = preSolution
		Debug|Any CPU = Debug|Any CPU
		Release|Any CPU = Release|Any CPU
	EndGlobalSection
	GlobalSection(ProjectConfigurationPlatforms) = postSolution
		{4B9E721C-BD68-8CEA-88FC-89BA6AD11CF1}.Debug|Any CPU.ActiveCfg = Debug|Any CPU
		{4B9E721C-BD68-8CEA-88FC-89BA6AD11CF1}.Debug|Any CPU.Build.0 = Debug|Any CPU
		{4B9E721C-BD68-8CEA-88FC-89BA6AD11CF1}.Release|Any CPU.ActiveCfg = Release|Any CPU
		{4B9E721C-BD68-8CEA-88FC-89BA6AD11CF1}.Release|Any CPU.Build.0 = Release|Any CPU
	EndGlobalSection
	GlobalSection(SolutionProperties) = preSolution
		HideSolutionNode = FALSE
	EndGlobalSection
	GlobalSection(ExtensibilityGlobals) = postSolution
		SolutionGuid = {457E3207-3E81-4040-AE1E-9FD4BC0D35C7}
	EndGlobalSection
EndGlobal
